
Microsoft Visual Studio Solution File, Format Version 12.00
# Visual Studio 15
VisualStudioVersion = 15.0.27130.2036
MinimumVisualStudioVersion = 10.0.40219.1
Project("{FAE04EC0-301F-11D3-BF4B-00C04F79EFBC}") = "NoteBurnerMerger", "NoteBurnerMerger\NoteBurnerMerger.csproj", "{A58EEE08-74A8-4F58-94A7-3A2F0C132406}"
EndProject
Global
	GlobalSection(SolutionConfigurationPlatforms) = preSolution
		Debug|Any CPU = Debug|Any CPU
		Release|Any CPU = Release|Any CPU
	EndGlobalSection
	GlobalSection(ProjectConfigurationPlatforms) = postSolution
		{A58EEE08-74A8-4F58-94A7-3A2F0C132406}.Debug|Any CPU.ActiveCfg = Debug|Any CPU
		{A58EEE08-74A8-4F58-94A7-3A2F0C132406}.Debug|Any CPU.Build.0 = Debug|Any CPU
		{A58EEE08-74A8-4F58-94A7-3A2F0C132406}.Release|Any CPU.ActiveCfg = Release|Any CPU
		{A58EEE08-74A8-4F58-94A7-3A2F0C132406}.Release|Any CPU.Build.0 = Release|Any CPU
	EndGlobalSection
	GlobalSection(SolutionProperties) = preSolution
		HideSolutionNode = FALSE
	EndGlobalSection
	GlobalSection(ExtensibilityGlobals) = postSolution
		SolutionGuid = {6241F4E9-636B-42D7-8053-50D58E5D5476}
	EndGlobalSection
EndGlobal
